{
  "name": "@programmable/protocol",
  "version": "0.1.0-draft.1",
  "lockfileVersion": 3,
  "requires": true,
  "packages": {
    "": {
      "name": "@programmable/protocol",
      "version": "0.1.0-draft.1",
      "license": "Apache-2.0",
      "devDependencies": {
        "ajv": "8.20.0",
        "canonicalize": "4.0.0",
        "json-dup-key-validator": "1.0.3"
      },
      "engines": {
        "node": ">=20"
      }
    },
    "node_modules/ajv": {
      "version": "8.20.0",
      "resolved": "https://registry.npmjs.org/ajv/-/ajv-8.20.0.tgz",
      "integrity": "sha512-Thbli+OlOj+iMPYFBVBfJ3OmCAnaSyNn4M1vz9T6Gka5Jt9ba/HIR56joy65tY6kx/FCF5VXNB819Y7/GUrBGA==",
      "dev": true,
      "license": "MIT",
      "dependencies": {
        "fast-deep-equal": "^3.1.3",
        "fast-uri": "^3.0.1",
        "json-schema-traverse": "^1.0.0",
        "require-from-string": "^2.0.2"
      },
      "funding": {
        "type": "github",
        "url": "https://github.com/sponsors/epoberezkin"
      }
    },
    "node_modules/backslash": {
      "version": "0.2.2",
      "resolved": "https://registry.npmjs.org/backslash/-/backslash-0.2.2.tgz",
      "integrity": "sha512-PKRYPE2LLTtNUYz1dszquxKSBs6XyLyJRHgFpY5rlq7y3DscDx239k5Gm+zenoY47OU4CApan1o0k2R8ptZC1Q==",
      "dev": true
    },
    "node_modules/canonicalize": {
      "version": "4.0.0",
      "resolved": "https://registry.npmjs.org/canonicalize/-/canonicalize-4.0.0.tgz",
      "integrity": "sha512-FEdXzwWs+N3rZqEqpqleiY9M1A6IAf9oo1zHFABnLW9FcJ/jzsu+G/Ks3Hq3FglmPKe80GeGBw8ZXLEnwPB0vQ==",
      "dev": true,
      "license": "Apache-2.0",
      "bin": {
        "canonicalize": "bin/canonicalize.js"
      },
      "engines": {
        "node": ">=18"
      }
    },
    "node_modules/fast-deep-equal": {
      "version": "3.1.3",
      "resolved": "https://registry.npmjs.org/fast-deep-equal/-/fast-deep-equal-3.1.3.tgz",
      "integrity": "sha512-f3qQ9oQy9j2AhBe/H9VC91wLmKBCCU/gDOnKNAYG5hswO7BLKj09Hc5HYNz9cGI++xlpDCIgDaitVs03ATR84Q==",
      "dev": true,
      "license": "MIT"
    },
    "node_modules/fast-uri": {
      "version": "3.1.6",
      "resolved": "https://registry.npmjs.org/fast-uri/-/fast-uri-3.1.6.tgz",
      "integrity": "sha512-7Ical1vFEMr0onbVzEDIreM22I4khW+fzyQPwvAFWBp1iwdshSZRsL4jjRvPG9JP1uiqMHRto+YU6R2/CzDz5Q==",
      "dev": true,
      "funding": [
        {
          "type": "github",
          "url": "https://github.com/sponsors/fastify"
        },
        {
          "type": "opencollective",
          "url": "https://opencollective.com/fastify"
        }
      ],
      "license": "BSD-3-Clause"
    },
    "node_modules/json-dup-key-validator": {
      "version": "1.0.3",
      "resolved": "https://registry.npmjs.org/json-dup-key-validator/-/json-dup-key-validator-1.0.3.tgz",
      "integrity": "sha512-JvJcV01JSiO7LRz7DY1Fpzn4wX2rJ3dfNTiAfnlvLNdhhnm0Pgdvhi2SGpENrZn7eSg26Ps3TPhOcuD/a4STXQ==",
      "dev": true,
      "license": "MIT",
      "dependencies": {
        "backslash": "^0.2.0"
      }
    },
    "node_modules/json-schema-traverse": {
      "version": "1.0.0",
      "resolved": "https://registry.npmjs.org/json-schema-traverse/-/json-schema-traverse-1.0.0.tgz",
      "integrity": "sha512-NM8/P9n3XjXhIZn1lLhkFaACTOURQXjWhV4BA/RnOv8xvgqtqpAX9IO4mRQxSx1Rlo4tqzeqb0sOlruaOy3dug==",
      "dev": true,
      "license": "MIT"
    },
    "node_modules/require-from-string": {
      "version": "2.0.2",
      "resolved": "https://registry.npmjs.org/require-from-string/-/require-from-string-2.0.2.tgz",
      "integrity": "sha512-Xf0nWe6RseziFMu+Ap9biiUbmplq6S9/p+7w7YXP/JBHhrUDDUhwa+vANyubuqfZWTveU//DYVGsDG7RKL/vEw==",
      "dev": true,
      "license": "MIT",
      "engines": {
        "node": ">=0.10.0"
      }
    }
  }
}
